
Microsoft Visual Studio Solution File, Format Version 12.00
# Visual Studio Version 16
VisualStudioVersion = 16.0.31515.178
MinimumVisualStudioVersion = 10.0.40219.1
Project("{FAE04EC0-301F-11D3-BF4B-00C04F79EFBC}") = "Aplicacion_Consola_Algoritmo_Busqueda", "Aplicacion_Consola_Algoritmo_Busqueda.csproj", "{AF0FE93B-8C57-4142-BACF-B086DDBE583A}"
EndProject
Global
	GlobalSection(SolutionConfigurationPlatforms) = preSolution
		Debug|Any CPU = Debug|Any CPU
		Release|Any CPU = Release|Any CPU
	EndGlobalSection
	GlobalSection(ProjectConfigurationPlatforms) = postSolution
		{AF0FE93B-8C57-4142-BACF-B086DDBE583A}.Debug|Any CPU.ActiveCfg = Debug|Any CPU
		{AF0FE93B-8C57-4142-BACF-B086DDBE583A}.Debug|Any CPU.Build.0 = Debug|Any CPU
		{AF0FE93B-8C57-4142-BACF-B086DDBE583A}.Release|Any CPU.ActiveCfg = Release|Any CPU
		{AF0FE93B-8C57-4142-BACF-B086DDBE583A}.Release|Any CPU.Build.0 = Release|Any CPU
	EndGlobalSection
	GlobalSection(SolutionProperties) = preSolution
		HideSolutionNode = FALSE
	EndGlobalSection
	GlobalSection(ExtensibilityGlobals) = postSolution
		SolutionGuid = {CD77943A-21A5-4068-92C1-447516A03142}
	EndGlobalSection
EndGlobal
